
Microsoft Visual Studio Solution File, Format Version 12.00
# Visual Studio Version 17
VisualStudioVersion = 17.8.34316.72
MinimumVisualStudioVersion = 10.0.40219.1
Project("{FAE04EC0-301F-11D3-BF4B-00C04F79EFBC}") = "Cards.Application", "Cards.Application\Cards.Application.csproj", "{DA13B6FA-F1D8-4D06-A9A8-829F6C6BF310}"
EndProject
Project("{9A19103F-16F7-4668-BE54-9A1E7A4F7556}") = "Cards.Api", "Cards.Api\Cards.Api.csproj", "{77D41F2F-B3B4-4D6C-923D-C6A0E94D7D01}"
EndProject
Project("{9A19103F-16F7-4668-BE54-9A1E7A4F7556}") = "Cards.DataAccess", "Cards.DataAccess\Cards.DataAccess.csproj", "{BF182447-A5C9-48B8-AE48-9288B3325D24}"
EndProject
Project("{9A19103F-16F7-4668-BE54-9A1E7A4F7556}") = "Cards.Models", "Cards.Models\Cards.Models.csproj", "{137FC482-D64F-4792-9761-37CBD8BB3FAA}"
EndProject
Global
	GlobalSection(SolutionConfigurationPlatforms) = preSolution
		Debug|Any CPU = Debug|Any CPU
		Release|Any CPU = Release|Any CPU
	EndGlobalSection
	GlobalSection(ProjectConfigurationPlatforms) = postSolution
		{DA13B6FA-F1D8-4D06-A9A8-829F6C6BF310}.Debug|Any CPU.ActiveCfg = Debug|Any CPU
		{DA13B6FA-F1D8-4D06-A9A8-829F6C6BF310}.Debug|Any CPU.Build.0 = Debug|Any CPU
		{DA13B6FA-F1D8-4D06-A9A8-829F6C6BF310}.Release|Any CPU.ActiveCfg = Release|Any CPU
		{DA13B6FA-F1D8-4D06-A9A8-829F6C6BF310}.Release|Any CPU.Build.0 = Release|Any CPU
		{77D41F2F-B3B4-4D6C-923D-C6A0E94D7D01}.Debug|Any CPU.ActiveCfg = Debug|Any CPU
		{77D41F2F-B3B4-4D6C-923D-C6A0E94D7D01}.Debug|Any CPU.Build.0 = Debug|Any CPU
		{77D41F2F-B3B4-4D6C-923D-C6A0E94D7D01}.Release|Any CPU.ActiveCfg = Release|Any CPU
		{77D41F2F-B3B4-4D6C-923D-C6A0E94D7D01}.Release|Any CPU.Build.0 = Release|Any CPU
		{BF182447-A5C9-48B8-AE48-9288B3325D24}.Debug|Any CPU.ActiveCfg = Debug|Any CPU
		{BF182447-A5C9-48B8-AE48-9288B3325D24}.Debug|Any CPU.Build.0 = Debug|Any CPU
		{BF182447-A5C9-48B8-AE48-9288B3325D24}.Release|Any CPU.ActiveCfg = Release|Any CPU
		{BF182447-A5C9-48B8-AE48-9288B3325D24}.Release|Any CPU.Build.0 = Release|Any CPU
		{137FC482-D64F-4792-9761-37CBD8BB3FAA}.Debug|Any CPU.ActiveCfg = Debug|Any CPU
		{137FC482-D64F-4792-9761-37CBD8BB3FAA}.Debug|Any CPU.Build.0 = Debug|Any CPU
		{137FC482-D64F-4792-9761-37CBD8BB3FAA}.Release|Any CPU.ActiveCfg = Release|Any CPU
		{137FC482-D64F-4792-9761-37CBD8BB3FAA}.Release|Any CPU.Build.0 = Release|Any CPU
	EndGlobalSection
	GlobalSection(SolutionProperties) = preSolution
		HideSolutionNode = FALSE
	EndGlobalSection
	GlobalSection(ExtensibilityGlobals) = postSolution
		SolutionGuid = {8870675E-A457-4FB6-A86B-42B7FCBB2B90}
	EndGlobalSection
EndGlobal
